
Microsoft Visual Studio Solution File, Format Version 12.00
# Visual Studio Version 16
VisualStudioVersion = 16.0.30611.23
MinimumVisualStudioVersion = 10.0.40219.1
Project("{FAE04EC0-301F-11D3-BF4B-00C04F79EFBC}") = "DWarp", "DWarp.csproj", "{6FB0A0D9-766B-4DD3-9503-33D8FA1FBCA1}"
EndProject
Global
	GlobalSection(SolutionConfigurationPlatforms) = preSolution
		Debug|Any CPU = Debug|Any CPU
		Release|Any CPU = Release|Any CPU
	EndGlobalSection
	GlobalSection(ProjectConfigurationPlatforms) = postSolution
		{6FB0A0D9-766B-4DD3-9503-33D8FA1FBCA1}.Debug|Any CPU.ActiveCfg = Debug|Any CPU
		{6FB0A0D9-766B-4DD3-9503-33D8FA1FBCA1}.Debug|Any CPU.Build.0 = Debug|Any CPU
		{6FB0A0D9-766B-4DD3-9503-33D8FA1FBCA1}.Release|Any CPU.ActiveCfg = Release|Any CPU
		{6FB0A0D9-766B-4DD3-9503-33D8FA1FBCA1}.Release|Any CPU.Build.0 = Release|Any CPU
	EndGlobalSection
	GlobalSection(SolutionProperties) = preSolution
		HideSolutionNode = FALSE
	EndGlobalSection
	GlobalSection(ExtensibilityGlobals) = postSolution
		SolutionGuid = {64CAD64A-D055-4A85-AF96-6BB456877B95}
	EndGlobalSection
EndGlobal
